
Microsoft Visual Studio Solution File, Format Version 12.00
# Visual Studio 15
VisualStudioVersion = 15.0.27130.0
MinimumVisualStudioVersion = 10.0.40219.1
Project("{9A19103F-16F7-4668-BE54-9A1E7A4F7556}") = "DesignStudio", "Architecture4\DesignStudio.csproj", "{573ADC74-DE9F-4002-85C7-1B9339BFEF2C}"
EndProject
Project("{9A19103F-16F7-4668-BE54-9A1E7A4F7556}") = "DataLayer", "DataLayer\DataLayer.csproj", "{6615C3E6-AF13-47B0-9153-52F912C10D48}"
EndProject
Project("{9A19103F-16F7-4668-BE54-9A1E7A4F7556}") = "BusinessLogicLayer", "BusinessLogicLayer\BusinessLogicLayer.csproj", "{F9C6A3F6-A25D-498F-BB42-C19FAE6A5B03}"
EndProject
Project("{9A19103F-16F7-4668-BE54-9A1E7A4F7556}") = "UnitOfWork", "UnitOfWork\UnitOfWork.csproj", "{DC909478-08F0-46A3-A3EF-2D36C47EA8FF}"
EndProject
Global
	GlobalSection(SolutionConfigurationPlatforms) = preSolution
		Debug|Any CPU = Debug|Any CPU
		Release|Any CPU = Release|Any CPU
	EndGlobalSection
	GlobalSection(ProjectConfigurationPlatforms) = postSolution
		{573ADC74-DE9F-4002-85C7-1B9339BFEF2C}.Debug|Any CPU.ActiveCfg = Debug|Any CPU
		{573ADC74-DE9F-4002-85C7-1B9339BFEF2C}.Debug|Any CPU.Build.0 = Debug|Any CPU
		{573ADC74-DE9F-4002-85C7-1B9339BFEF2C}.Release|Any CPU.ActiveCfg = Release|Any CPU
		{573ADC74-DE9F-4002-85C7-1B9339BFEF2C}.Release|Any CPU.Build.0 = Release|Any CPU
		{6615C3E6-AF13-47B0-9153-52F912C10D48}.Debug|Any CPU.ActiveCfg = Debug|Any CPU
		{6615C3E6-AF13-47B0-9153-52F912C10D48}.Debug|Any CPU.Build.0 = Debug|Any CPU
		{6615C3E6-AF13-47B0-9153-52F912C10D48}.Release|Any CPU.ActiveCfg = Release|Any CPU
		{6615C3E6-AF13-47B0-9153-52F912C10D48}.Release|Any CPU.Build.0 = Release|Any CPU
		{F9C6A3F6-A25D-498F-BB42-C19FAE6A5B03}.Debug|Any CPU.ActiveCfg = Debug|Any CPU
		{F9C6A3F6-A25D-498F-BB42-C19FAE6A5B03}.Debug|Any CPU.Build.0 = Debug|Any CPU
		{F9C6A3F6-A25D-498F-BB42-C19FAE6A5B03}.Release|Any CPU.ActiveCfg = Release|Any CPU
		{F9C6A3F6-A25D-498F-BB42-C19FAE6A5B03}.Release|Any CPU.Build.0 = Release|Any CPU
		{DC909478-08F0-46A3-A3EF-2D36C47EA8FF}.Debug|Any CPU.ActiveCfg = Debug|Any CPU
		{DC909478-08F0-46A3-A3EF-2D36C47EA8FF}.Debug|Any CPU.Build.0 = Debug|Any CPU
		{DC909478-08F0-46A3-A3EF-2D36C47EA8FF}.Release|Any CPU.ActiveCfg = Release|Any CPU
		{DC909478-08F0-46A3-A3EF-2D36C47EA8FF}.Release|Any CPU.Build.0 = Release|Any CPU
	EndGlobalSection
	GlobalSection(SolutionProperties) = preSolution
		HideSolutionNode = FALSE
	EndGlobalSection
	GlobalSection(ExtensibilityGlobals) = postSolution
		SolutionGuid = {78E7F0E2-A077-425B-A84D-40606F6BA875}
	EndGlobalSection
EndGlobal
